// !$*UTF8*$!
{
	archiveVersion = 1;
	classes = {
	};
	objectVersion = 46;
	objects = {

/* Begin PBXBuildFile section */
		091B0B311A3BA2ED00BAB774 /* AppDelegate.swift in Sources */ = {isa = PBXBuildFile; fileRef = 091B0B301A3BA2ED00BAB774 /* AppDelegate.swift */; };
		091B0B331A3BA2ED00BAB774 /* ViewController.swift in Sources */ = {isa = PBXBuildFile; fileRef = 091B0B321A3BA2ED00BAB774 /* ViewController.swift */; };
		091B0B361A3BA2ED00BAB774 /* Main.storyboard in Resources */ = {isa = PBXBuildFile; fileRef = 091B0B341A3BA2ED00BAB774 /* Main.storyboard */; };
		091B0B381A3BA2ED00BAB774 /* Images.xcassets in Resources */ = {isa = PBXBuildFile; fileRef = 091B0B371A3BA2ED00BAB774 /* Images.xcassets */; };
		091B0B3B1A3BA2ED00BAB774 /* LaunchScreen.xib in Resources */ = {isa = PBXBuildFile; fileRef = 091B0B391A3BA2ED00BAB774 /* LaunchScreen.xib */; };
		091B0B471A3BA2ED00BAB774 /* TrendsTests.swift in Sources */ = {isa = PBXBuildFile; fileRef = 091B0B461A3BA2ED00BAB774 /* TrendsTests.swift */; };
		091B0B591A3BA66900BAB774 /* MKReviewDataConverter.swift in Sources */ = {isa = PBXBuildFile; fileRef = 091B0B581A3BA66900BAB774 /* MKReviewDataConverter.swift */; };
		091B0B5B1A3BCB1400BAB774 /* MKReviewData.swift in Sources */ = {isa = PBXBuildFile; fileRef = 091B0B5A1A3BCB1400BAB774 /* MKReviewData.swift */; };
		096717C71A3C72E500B1F353 /* MKReviewAnalyzer.swift in Sources */ = {isa = PBXBuildFile; fileRef = 096717C61A3C72E500B1F353 /* MKReviewAnalyzer.swift */; };
		096717CA1A3CF8BE00B1F353 /* MKReviewDownloader.swift in Sources */ = {isa = PBXBuildFile; fileRef = 096717C91A3CF8BE00B1F353 /* MKReviewDownloader.swift */; };
		096717CC1A3CF94E00B1F353 /* MKConcurrentOperation.swift in Sources */ = {isa = PBXBuildFile; fileRef = 096717CB1A3CF94E00B1F353 /* MKConcurrentOperation.swift */; };
		096717CE1A3CFAA500B1F353 /* MKReviewURL.swift in Sources */ = {isa = PBXBuildFile; fileRef = 096717CD1A3CFAA500B1F353 /* MKReviewURL.swift */; };
		096717D01A3CFCF700B1F353 /* MKReviewPageDownloadOperationFactory.swift in Sources */ = {isa = PBXBuildFile; fileRef = 096717CF1A3CFCF700B1F353 /* MKReviewPageDownloadOperationFactory.swift */; };
		096717D21A3D0A0000B1F353 /* MKDownloadReviewPageOperation.swift in Sources */ = {isa = PBXBuildFile; fileRef = 096717D11A3D0A0000B1F353 /* MKDownloadReviewPageOperation.swift */; };
		09868DF61A3DED8500B02F0C /* MKWordListProvider.swift in Sources */ = {isa = PBXBuildFile; fileRef = 09868DF51A3DED8500B02F0C /* MKWordListProvider.swift */; };
		09868DF91A3DEDD100B02F0C /* MKWordListProviderFactory.swift in Sources */ = {isa = PBXBuildFile; fileRef = 09868DF81A3DEDD100B02F0C /* MKWordListProviderFactory.swift */; };
		09868DFB1A3DF20200B02F0C /* MKWordListProviderDelegate.swift in Sources */ = {isa = PBXBuildFile; fileRef = 09868DFA1A3DF20200B02F0C /* MKWordListProviderDelegate.swift */; };
		09868DFD1A3E023E00B02F0C /* MKReviewDownloaderDelegate.swift in Sources */ = {isa = PBXBuildFile; fileRef = 09868DFC1A3E023E00B02F0C /* MKReviewDownloaderDelegate.swift */; };
		09868E011A3E4A9600B02F0C /* TrendsDataModel.xcdatamodeld in Sources */ = {isa = PBXBuildFile; fileRef = 09868DFF1A3E4A9600B02F0C /* TrendsDataModel.xcdatamodeld */; };
		09868E031A3E4D2900B02F0C /* MKCoreDataReviewProvider.swift in Sources */ = {isa = PBXBuildFile; fileRef = 09868E021A3E4D2900B02F0C /* MKCoreDataReviewProvider.swift */; };
		09868E071A3E544A00B02F0C /* MKReview.m in Sources */ = {isa = PBXBuildFile; fileRef = 09868E061A3E544A00B02F0C /* MKReview.m */; };
		098B98571A5028F900CD4A31 /* MKWord.m in Sources */ = {isa = PBXBuildFile; fileRef = 098B98561A5028F900CD4A31 /* MKWord.m */; };
		098B985C1A502C1000CD4A31 /* MKManagedObjectContext.swift in Sources */ = {isa = PBXBuildFile; fileRef = 098B985B1A502C1000CD4A31 /* MKManagedObjectContext.swift */; };
		098B98601A5052AF00CD4A31 /* MKCoreDataWordListProvider.swift in Sources */ = {isa = PBXBuildFile; fileRef = 098B985F1A5052AF00CD4A31 /* MKCoreDataWordListProvider.swift */; };
/* End PBXBuildFile section */

/* Begin PBXContainerItemProxy section */
		091B0B411A3BA2ED00BAB774 /* PBXContainerItemProxy */ = {
			isa = PBXContainerItemProxy;
			containerPortal = 091B0B231A3BA2ED00BAB774 /* Project object */;
			proxyType = 1;
			remoteGlobalIDString = 091B0B2A1A3BA2ED00BAB774;
			remoteInfo = Trends;
		};
/* End PBXContainerItemProxy section */

/* Begin PBXFileReference section */
		091B0B2B1A3BA2ED00BAB774 /* Trends.app */ = {isa = PBXFileReference; explicitFileType = wrapper.application; includeInIndex = 0; path = Trends.app; sourceTree = BUILT_PRODUCTS_DIR; };
		091B0B2F1A3BA2ED00BAB774 /* Info.plist */ = {isa = PBXFileReference; lastKnownFileType = text.plist.xml; path = Info.plist; sourceTree = "<group>"; };
		091B0B301A3BA2ED00BAB774 /* AppDelegate.swift */ = {isa = PBXFileReference; lastKnownFileType = sourcecode.swift; name = AppDelegate.swift; path = Source/AppDelegate.swift; sourceTree = "<group>"; };
		091B0B321A3BA2ED00BAB774 /* ViewController.swift */ = {isa = PBXFileReference; lastKnownFileType = sourcecode.swift; name = ViewController.swift; path = Source/ViewController.swift; sourceTree = "<group>"; };
		091B0B351A3BA2ED00BAB774 /* Base */ = {isa = PBXFileReference; lastKnownFileType = file.storyboard; name = Base; path = Base.lproj/Main.storyboard; sourceTree = "<group>"; };
		091B0B371A3BA2ED00BAB774 /* Images.xcassets */ = {isa = PBXFileReference; lastKnownFileType = folder.assetcatalog; path = Images.xcassets; sourceTree = "<group>"; };
		091B0B3A1A3BA2ED00BAB774 /* Base */ = {isa = PBXFileReference; lastKnownFileType = file.xib; name = Base; path = Base.lproj/LaunchScreen.xib; sourceTree = "<group>"; };
		091B0B401A3BA2ED00BAB774 /* TrendsTests.xctest */ = {isa = PBXFileReference; explicitFileType = wrapper.cfbundle; includeInIndex = 0; path = TrendsTests.xctest; sourceTree = BUILT_PRODUCTS_DIR; };
		091B0B451A3BA2ED00BAB774 /* Info.plist */ = {isa = PBXFileReference; lastKnownFileType = text.plist.xml; path = Info.plist; sourceTree = "<group>"; };
		091B0B461A3BA2ED00BAB774 /* TrendsTests.swift */ = {isa = PBXFileReference; lastKnownFileType = sourcecode.swift; path = TrendsTests.swift; sourceTree = "<group>"; };
		091B0B581A3BA66900BAB774 /* MKReviewDataConverter.swift */ = {isa = PBXFileReference; fileEncoding = 4; lastKnownFileType = sourcecode.swift; name = MKReviewDataConverter.swift; path = Source/MKReviewDataConverter.swift; sourceTree = "<group>"; };
		091B0B5A1A3BCB1400BAB774 /* MKReviewData.swift */ = {isa = PBXFileReference; fileEncoding = 4; lastKnownFileType = sourcecode.swift; name = MKReviewData.swift; path = Source/MKReviewData.swift; sourceTree = "<group>"; };
		096717C61A3C72E500B1F353 /* MKReviewAnalyzer.swift */ = {isa = PBXFileReference; fileEncoding = 4; lastKnownFileType = sourcecode.swift; name = MKReviewAnalyzer.swift; path = Source/MKReviewAnalyzer.swift; sourceTree = "<group>"; };
		096717C91A3CF8BE00B1F353 /* MKReviewDownloader.swift */ = {isa = PBXFileReference; fileEncoding = 4; lastKnownFileType = sourcecode.swift; name = MKReviewDownloader.swift; path = Source/Downloading/MKReviewDownloader.swift; sourceTree = "<group>"; };
		096717CB1A3CF94E00B1F353 /* MKConcurrentOperation.swift */ = {isa = PBXFileReference; fileEncoding = 4; lastKnownFileType = sourcecode.swift; name = MKConcurrentOperation.swift; path = Source/Downloading/MKConcurrentOperation.swift; sourceTree = "<group>"; };
		096717CD1A3CFAA500B1F353 /* MKReviewURL.swift */ = {isa = PBXFileReference; fileEncoding = 4; lastKnownFileType = sourcecode.swift; name = MKReviewURL.swift; path = Source/Downloading/MKReviewURL.swift; sourceTree = "<group>"; };
		096717CF1A3CFCF700B1F353 /* MKReviewPageDownloadOperationFactory.swift */ = {isa = PBXFileReference; fileEncoding = 4; lastKnownFileType = sourcecode.swift; name = MKReviewPageDownloadOperationFactory.swift; path = Source/Downloading/MKReviewPageDownloadOperationFactory.swift; sourceTree = "<group>"; };
		096717D11A3D0A0000B1F353 /* MKDownloadReviewPageOperation.swift */ = {isa = PBXFileReference; fileEncoding = 4; lastKnownFileType = sourcecode.swift; name = MKDownloadReviewPageOperation.swift; path = Source/Downloading/MKDownloadReviewPageOperation.swift; sourceTree = "<group>"; };
		09868DF51A3DED8500B02F0C /* MKWordListProvider.swift */ = {isa = PBXFileReference; fileEncoding = 4; lastKnownFileType = sourcecode.swift; name = MKWordListProvider.swift; path = "Source/Word list provider/MKWordListProvider.swift"; sourceTree = "<group>"; };
		09868DF81A3DEDD100B02F0C /* MKWordListProviderFactory.swift */ = {isa = PBXFileReference; fileEncoding = 4; lastKnownFileType = sourcecode.swift; name = MKWordListProviderFactory.swift; path = "Source/Word list provider/MKWordListProviderFactory.swift"; sourceTree = "<group>"; };
		09868DFA1A3DF20200B02F0C /* MKWordListProviderDelegate.swift */ = {isa = PBXFileReference; fileEncoding = 4; lastKnownFileType = sourcecode.swift; name = MKWordListProviderDelegate.swift; path = "Source/Word list provider/MKWordListProviderDelegate.swift"; sourceTree = "<group>"; };
		09868DFC1A3E023E00B02F0C /* MKReviewDownloaderDelegate.swift */ = {isa = PBXFileReference; fileEncoding = 4; lastKnownFileType = sourcecode.swift; name = MKReviewDownloaderDelegate.swift; path = Source/Downloading/MKReviewDownloaderDelegate.swift; sourceTree = "<group>"; };
		09868E001A3E4A9600B02F0C /* TrendsDataModel.xcdatamodel */ = {isa = PBXFileReference; lastKnownFileType = wrapper.xcdatamodel; path = TrendsDataModel.xcdatamodel; sourceTree = "<group>"; };
		09868E021A3E4D2900B02F0C /* MKCoreDataReviewProvider.swift */ = {isa = PBXFileReference; fileEncoding = 4; lastKnownFileType = sourcecode.swift; name = MKCoreDataReviewProvider.swift; path = Source/Persistence/Providers/MKCoreDataReviewProvider.swift; sourceTree = "<group>"; };
		09868E041A3E544A00B02F0C /* Trends-Bridging-Header.h */ = {isa = PBXFileReference; lastKnownFileType = sourcecode.c.h; path = "Trends-Bridging-Header.h"; sourceTree = "<group>"; };
		09868E051A3E544A00B02F0C /* MKReview.h */ = {isa = PBXFileReference; fileEncoding = 4; lastKnownFileType = sourcecode.c.h; name = MKReview.h; path = "Source/Persistence/Data model/MKReview.h"; sourceTree = "<group>"; };
		09868E061A3E544A00B02F0C /* MKReview.m */ = {isa = PBXFileReference; fileEncoding = 4; lastKnownFileType = sourcecode.c.objc; name = MKReview.m; path = "Source/Persistence/Data model/MKReview.m"; sourceTree = "<group>"; };
		098B98551A5028F900CD4A31 /* MKWord.h */ = {isa = PBXFileReference; fileEncoding = 4; lastKnownFileType = sourcecode.c.h; name = MKWord.h; path = "Source/Persistence/Data model/MKWord.h"; sourceTree = "<group>"; };
		098B98561A5028F900CD4A31 /* MKWord.m */ = {isa = PBXFileReference; fileEncoding = 4; lastKnownFileType = sourcecode.c.objc; name = MKWord.m; path = "Source/Persistence/Data model/MKWord.m"; sourceTree = "<group>"; };
		098B985B1A502C1000CD4A31 /* MKManagedObjectContext.swift */ = {isa = PBXFileReference; fileEncoding = 4; lastKnownFileType = sourcecode.swift; name = MKManagedObjectContext.swift; path = Source/Persistence/MKManagedObjectContext.swift; sourceTree = "<group>"; };
		098B985F1A5052AF00CD4A31 /* MKCoreDataWordListProvider.swift */ = {isa = PBXFileReference; fileEncoding = 4; lastKnownFileType = sourcecode.swift; name = MKCoreDataWordListProvider.swift; path = Source/Persistence/Providers/MKCoreDataWordListProvider.swift; sourceTree = "<group>"; };
/* End PBXFileReference section */

/* Begin PBXFrameworksBuildPhase section */
		091B0B281A3BA2ED00BAB774 /* Frameworks */ = {
			isa = PBXFrameworksBuildPhase;
			buildActionMask = 2147483647;
			files = (
			);
			runOnlyForDeploymentPostprocessing = 0;
		};
		091B0B3D1A3BA2ED00BAB774 /* Frameworks */ = {
			isa = PBXFrameworksBuildPhase;
			buildActionMask = 2147483647;
			files = (
			);
			runOnlyForDeploymentPostprocessing = 0;
		};
/* End PBXFrameworksBuildPhase section */

/* Begin PBXGroup section */
		091B0B221A3BA2ED00BAB774 = {
			isa = PBXGroup;
			children = (
				091B0B2D1A3BA2ED00BAB774 /* Trends */,
				091B0B431A3BA2ED00BAB774 /* TrendsTests */,
				091B0B2C1A3BA2ED00BAB774 /* Products */,
			);
			sourceTree = "<group>";
		};
		091B0B2C1A3BA2ED00BAB774 /* Products */ = {
			isa = PBXGroup;
			children = (
				091B0B2B1A3BA2ED00BAB774 /* Trends.app */,
				091B0B401A3BA2ED00BAB774 /* TrendsTests.xctest */,
			);
			name = Products;
			sourceTree = "<group>";
		};
		091B0B2D1A3BA2ED00BAB774 /* Trends */ = {
			isa = PBXGroup;
			children = (
				09868DFE1A3E4A4200B02F0C /* Persistence */,
				09868DF71A3DEDAE00B02F0C /* Word list provider */,
				096717C81A3CF89700B1F353 /* Downloading */,
				096717C61A3C72E500B1F353 /* MKReviewAnalyzer.swift */,
				091B0B5A1A3BCB1400BAB774 /* MKReviewData.swift */,
				091B0B581A3BA66900BAB774 /* MKReviewDataConverter.swift */,
				091B0B301A3BA2ED00BAB774 /* AppDelegate.swift */,
				091B0B321A3BA2ED00BAB774 /* ViewController.swift */,
				091B0B341A3BA2ED00BAB774 /* Main.storyboard */,
				091B0B371A3BA2ED00BAB774 /* Images.xcassets */,
				091B0B391A3BA2ED00BAB774 /* LaunchScreen.xib */,
				091B0B2E1A3BA2ED00BAB774 /* Supporting Files */,
			);
			path = Trends;
			sourceTree = "<group>";
		};
		091B0B2E1A3BA2ED00BAB774 /* Supporting Files */ = {
			isa = PBXGroup;
			children = (
				091B0B2F1A3BA2ED00BAB774 /* Info.plist */,
			);
			name = "Supporting Files";
			sourceTree = "<group>";
		};
		091B0B431A3BA2ED00BAB774 /* TrendsTests */ = {
			isa = PBXGroup;
			children = (
				091B0B461A3BA2ED00BAB774 /* TrendsTests.swift */,
				091B0B441A3BA2ED00BAB774 /* Supporting Files */,
			);
			path = TrendsTests;
			sourceTree = "<group>";
		};
		091B0B441A3BA2ED00BAB774 /* Supporting Files */ = {
			isa = PBXGroup;
			children = (
				091B0B451A3BA2ED00BAB774 /* Info.plist */,
			);
			name = "Supporting Files";
			sourceTree = "<group>";
		};
		096717C81A3CF89700B1F353 /* Downloading */ = {
			isa = PBXGroup;
			children = (
				096717C91A3CF8BE00B1F353 /* MKReviewDownloader.swift */,
				096717CB1A3CF94E00B1F353 /* MKConcurrentOperation.swift */,
				096717CD1A3CFAA500B1F353 /* MKReviewURL.swift */,
				096717CF1A3CFCF700B1F353 /* MKReviewPageDownloadOperationFactory.swift */,
				096717D11A3D0A0000B1F353 /* MKDownloadReviewPageOperation.swift */,
				09868DFC1A3E023E00B02F0C /* MKReviewDownloaderDelegate.swift */,
			);
			name = Downloading;
			sourceTree = "<group>";
		};
		09868DF71A3DEDAE00B02F0C /* Word list provider */ = {
			isa = PBXGroup;
			children = (
				09868DF51A3DED8500B02F0C /* MKWordListProvider.swift */,
				09868DF81A3DEDD100B02F0C /* MKWordListProviderFactory.swift */,
				09868DFA1A3DF20200B02F0C /* MKWordListProviderDelegate.swift */,
			);
			name = "Word list provider";
			sourceTree = "<group>";
		};
		09868DFE1A3E4A4200B02F0C /* Persistence */ = {
			isa = PBXGroup;
			children = (
				098B985E1A50528000CD4A31 /* Providers */,
				098B985D1A50525400CD4A31 /* Data model */,
				09868DFF1A3E4A9600B02F0C /* TrendsDataModel.xcdatamodeld */,
				098B985B1A502C1000CD4A31 /* MKManagedObjectContext.swift */,
				09868E041A3E544A00B02F0C /* Trends-Bridging-Header.h */,
			);
			name = Persistence;
			sourceTree = "<group>";
		};
		098B985D1A50525400CD4A31 /* Data model */ = {
			isa = PBXGroup;
			children = (
				098B98551A5028F900CD4A31 /* MKWord.h */,
				098B98561A5028F900CD4A31 /* MKWord.m */,
				09868E051A3E544A00B02F0C /* MKReview.h */,
				09868E061A3E544A00B02F0C /* MKReview.m */,
			);
			name = "Data model";
			sourceTree = "<group>";
		};
		098B985E1A50528000CD4A31 /* Providers */ = {
			isa = PBXGroup;
			children = (
				09868E021A3E4D2900B02F0C /* MKCoreDataReviewProvider.swift */,
				098B985F1A5052AF00CD4A31 /* MKCoreDataWordListProvider.swift */,
			);
			name = Providers;
			sourceTree = "<group>";
		};
/* End PBXGroup section */

/* Begin PBXNativeTarget section */
		091B0B2A1A3BA2ED00BAB774 /* Trends */ = {
			isa = PBXNativeTarget;
			buildConfigurationList = 091B0B4A1A3BA2ED00BAB774 /* Build configuration list for PBXNativeTarget "Trends" */;
			buildPhases = (
				091B0B271A3BA2ED00BAB774 /* Sources */,
				091B0B281A3BA2ED00BAB774 /* Frameworks */,
				091B0B291A3BA2ED00BAB774 /* Resources */,
			);
			buildRules = (
			);
			dependencies = (
			);
			name = Trends;
			productName = Trends;
			productReference = 091B0B2B1A3BA2ED00BAB774 /* Trends.app */;
			productType = "com.apple.product-type.application";
		};
		091B0B3F1A3BA2ED00BAB774 /* TrendsTests */ = {
			isa = PBXNativeTarget;
			buildConfigurationList = 091B0B4D1A3BA2ED00BAB774 /* Build configuration list for PBXNativeTarget "TrendsTests" */;
			buildPhases = (
				091B0B3C1A3BA2ED00BAB774 /* Sources */,
				091B0B3D1A3BA2ED00BAB774 /* Frameworks */,
				091B0B3E1A3BA2ED00BAB774 /* Resources */,
			);
			buildRules = (
			);
			dependencies = (
				091B0B421A3BA2ED00BAB774 /* PBXTargetDependency */,
			);
			name = TrendsTests;
			productName = TrendsTests;
			productReference = 091B0B401A3BA2ED00BAB774 /* TrendsTests.xctest */;
			productType = "com.apple.product-type.bundle.unit-test";
		};
/* End PBXNativeTarget section */

/* Begin PBXProject section */
		091B0B231A3BA2ED00BAB774 /* Project object */ = {
			isa = PBXProject;
			attributes = {
				LastUpgradeCheck = 0610;
				ORGANIZATIONNAME = "Marcin Kuptel";
				TargetAttributes = {
					091B0B2A1A3BA2ED00BAB774 = {
						CreatedOnToolsVersion = 6.1.1;
					};
					091B0B3F1A3BA2ED00BAB774 = {
						CreatedOnToolsVersion = 6.1.1;
						TestTargetID = 091B0B2A1A3BA2ED00BAB774;
					};
				};
			};
			buildConfigurationList = 091B0B261A3BA2ED00BAB774 /* Build configuration list for PBXProject "Trends" */;
			compatibilityVersion = "Xcode 3.2";
			developmentRegion = English;
			hasScannedForEncodings = 0;
			knownRegions = (
				en,
				Base,
			);
			mainGroup = 091B0B221A3BA2ED00BAB774;
			productRefGroup = 091B0B2C1A3BA2ED00BAB774 /* Products */;
			projectDirPath = "";
			projectRoot = "";
			targets = (
				091B0B2A1A3BA2ED00BAB774 /* Trends */,
				091B0B3F1A3BA2ED00BAB774 /* TrendsTests */,
			);
		};
/* End PBXProject section */

/* Begin PBXResourcesBuildPhase section */
		091B0B291A3BA2ED00BAB774 /* Resources */ = {
			isa = PBXResourcesBuildPhase;
			buildActionMask = 2147483647;
			files = (
				091B0B361A3BA2ED00BAB774 /* Main.storyboard in Resources */,
				091B0B3B1A3BA2ED00BAB774 /* LaunchScreen.xib in Resources */,
				091B0B381A3BA2ED00BAB774 /* Images.xcassets in Resources */,
			);
			runOnlyForDeploymentPostprocessing = 0;
		};
		091B0B3E1A3BA2ED00BAB774 /* Resources */ = {
			isa = PBXResourcesBuildPhase;
			buildActionMask = 2147483647;
			files = (
			);
			runOnlyForDeploymentPostprocessing = 0;
		};
/* End PBXResourcesBuildPhase section */

/* Begin PBXSourcesBuildPhase section */
		091B0B271A3BA2ED00BAB774 /* Sources */ = {
			isa = PBXSourcesBuildPhase;
			buildActionMask = 2147483647;
			files = (
				096717D01A3CFCF700B1F353 /* MKReviewPageDownloadOperationFactory.swift in Sources */,
				098B98571A5028F900CD4A31 /* MKWord.m in Sources */,
				09868E031A3E4D2900B02F0C /* MKCoreDataReviewProvider.swift in Sources */,
				098B985C1A502C1000CD4A31 /* MKManagedObjectContext.swift in Sources */,
				09868DFB1A3DF20200B02F0C /* MKWordListProviderDelegate.swift in Sources */,
				096717C71A3C72E500B1F353 /* MKReviewAnalyzer.swift in Sources */,
				09868DFD1A3E023E00B02F0C /* MKReviewDownloaderDelegate.swift in Sources */,
				091B0B331A3BA2ED00BAB774 /* ViewController.swift in Sources */,
				096717CA1A3CF8BE00B1F353 /* MKReviewDownloader.swift in Sources */,
				091B0B591A3BA66900BAB774 /* MKReviewDataConverter.swift in Sources */,
				091B0B311A3BA2ED00BAB774 /* AppDelegate.swift in Sources */,
				09868DF61A3DED8500B02F0C /* MKWordListProvider.swift in Sources */,
				091B0B5B1A3BCB1400BAB774 /* MKReviewData.swift in Sources */,
				096717CC1A3CF94E00B1F353 /* MKConcurrentOperation.swift in Sources */,
				09868E071A3E544A00B02F0C /* MKReview.m in Sources */,
				09868DF91A3DEDD100B02F0C /* MKWordListProviderFactory.swift in Sources */,
				09868E011A3E4A9600B02F0C /* TrendsDataModel.xcdatamodeld in Sources */,
				096717CE1A3CFAA500B1F353 /* MKReviewURL.swift in Sources */,
				098B98601A5052AF00CD4A31 /* MKCoreDataWordListProvider.swift in Sources */,
				096717D21A3D0A0000B1F353 /* MKDownloadReviewPageOperation.swift in Sources */,
			);
			runOnlyForDeploymentPostprocessing = 0;
		};
		091B0B3C1A3BA2ED00BAB774 /* Sources */ = {
			isa = PBXSourcesBuildPhase;
			buildActionMask = 2147483647;
			files = (
				091B0B471A3BA2ED00BAB774 /* TrendsTests.swift in Sources */,
			);
			runOnlyForDeploymentPostprocessing = 0;
		};
/* End PBXSourcesBuildPhase section */

/* Begin PBXTargetDependency section */
		091B0B421A3BA2ED00BAB774 /* PBXTargetDependency */ = {
			isa = PBXTargetDependency;
			target = 091B0B2A1A3BA2ED00BAB774 /* Trends */;
			targetProxy = 091B0B411A3BA2ED00BAB774 /* PBXContainerItemProxy */;
		};
/* End PBXTargetDependency section */

/* Begin PBXVariantGroup section */
		091B0B341A3BA2ED00BAB774 /* Main.storyboard */ = {
			isa = PBXVariantGroup;
			children = (
				091B0B351A3BA2ED00BAB774 /* Base */,
			);
			name = Main.storyboard;
			sourceTree = "<group>";
		};
		091B0B391A3BA2ED00BAB774 /* LaunchScreen.xib */ = {
			isa = PBXVariantGroup;
			children = (
				091B0B3A1A3BA2ED00BAB774 /* Base */,
			);
			name = LaunchScreen.xib;
			sourceTree = "<group>";
		};
/* End PBXVariantGroup section */

/* Begin XCBuildConfiguration section */
		091B0B481A3BA2ED00BAB774 /* Debug */ = {
			isa = XCBuildConfiguration;
			buildSettings = {
				ALWAYS_SEARCH_USER_PATHS = NO;
				CLANG_CXX_LANGUAGE_STANDARD = "gnu++0x";
				CLANG_CXX_LIBRARY = "libc++";
				CLANG_ENABLE_MODULES = YES;
				CLANG_ENABLE_OBJC_ARC = YES;
				CLANG_WARN_BOOL_CONVERSION = YES;
				CLANG_WARN_CONSTANT_CONVERSION = YES;
				CLANG_WARN_DIRECT_OBJC_ISA_USAGE = YES_ERROR;
				CLANG_WARN_EMPTY_BODY = YES;
				CLANG_WARN_ENUM_CONVERSION = YES;
				CLANG_WARN_INT_CONVERSION = YES;
				CLANG_WARN_OBJC_ROOT_CLASS = YES_ERROR;
				CLANG_WARN_UNREACHABLE_CODE = YES;
				CLANG_WARN__DUPLICATE_METHOD_MATCH = YES;
				"CODE_SIGN_IDENTITY[sdk=iphoneos*]" = "iPhone Developer";
				COPY_PHASE_STRIP = NO;
				ENABLE_STRICT_OBJC_MSGSEND = YES;
				GCC_C_LANGUAGE_STANDARD = gnu99;
				GCC_DYNAMIC_NO_PIC = NO;
				GCC_OPTIMIZATION_LEVEL = 0;
				GCC_PREPROCESSOR_DEFINITIONS = (
					"DEBUG=1",
					"$(inherited)",
				);
				GCC_SYMBOLS_PRIVATE_EXTERN = NO;
				GCC_WARN_64_TO_32_BIT_CONVERSION = YES;
				GCC_WARN_ABOUT_RETURN_TYPE = YES_ERROR;
				GCC_WARN_UNDECLARED_SELECTOR = YES;
				GCC_WARN_UNINITIALIZED_AUTOS = YES_AGGRESSIVE;
				GCC_WARN_UNUSED_FUNCTION = YES;
				GCC_WARN_UNUSED_VARIABLE = YES;
				IPHONEOS_DEPLOYMENT_TARGET = 8.1;
				MTL_ENABLE_DEBUG_INFO = YES;
				ONLY_ACTIVE_ARCH = YES;
				SDKROOT = iphoneos;
				SWIFT_OPTIMIZATION_LEVEL = "-Onone";
			};
			name = Debug;
		};
		091B0B491A3BA2ED00BAB774 /* Release */ = {
			isa = XCBuildConfiguration;
			buildSettings = {
				ALWAYS_SEARCH_USER_PATHS = NO;
				CLANG_CXX_LANGUAGE_STANDARD = "gnu++0x";
				CLANG_CXX_LIBRARY = "libc++";
				CLANG_ENABLE_MODULES = YES;
				CLANG_ENABLE_OBJC_ARC = YES;
				CLANG_WARN_BOOL_CONVERSION = YES;
				CLANG_WARN_CONSTANT_CONVERSION = YES;
				CLANG_WARN_DIRECT_OBJC_ISA_USAGE = YES_ERROR;
				CLANG_WARN_EMPTY_BODY = YES;
				CLANG_WARN_ENUM_CONVERSION = YES;
				CLANG_WARN_INT_CONVERSION = YES;
				CLANG_WARN_OBJC_ROOT_CLASS = YES_ERROR;
				CLANG_WARN_UNREACHABLE_CODE = YES;
				CLANG_WARN__DUPLICATE_METHOD_MATCH = YES;
				"CODE_SIGN_IDENTITY[sdk=iphoneos*]" = "iPhone Developer";
				COPY_PHASE_STRIP = YES;
				ENABLE_NS_ASSERTIONS = NO;
				ENABLE_STRICT_OBJC_MSGSEND = YES;
				GCC_C_LANGUAGE_STANDARD = gnu99;
				GCC_WARN_64_TO_32_BIT_CONVERSION = YES;
				GCC_WARN_ABOUT_RETURN_TYPE = YES_ERROR;
				GCC_WARN_UNDECLARED_SELECTOR = YES;
				GCC_WARN_UNINITIALIZED_AUTOS = YES_AGGRESSIVE;
				GCC_WARN_UNUSED_FUNCTION = YES;
				GCC_WARN_UNUSED_VARIABLE = YES;
				IPHONEOS_DEPLOYMENT_TARGET = 8.1;
				MTL_ENABLE_DEBUG_INFO = NO;
				SDKROOT = iphoneos;
				VALIDATE_PRODUCT = YES;
			};
			name = Release;
		};
		091B0B4B1A3BA2ED00BAB774 /* Debug */ = {
			isa = XCBuildConfiguration;
			buildSettings = {
				ASSETCATALOG_COMPILER_APPICON_NAME = AppIcon;
				CLANG_ENABLE_MODULES = YES;
				INFOPLIST_FILE = Trends/Info.plist;
				LD_RUNPATH_SEARCH_PATHS = "$(inherited) @executable_path/Frameworks";
				PRODUCT_NAME = "$(TARGET_NAME)";
				SWIFT_OBJC_BRIDGING_HEADER = "Trends/Trends-Bridging-Header.h";
				SWIFT_OPTIMIZATION_LEVEL = "-Onone";
			};
			name = Debug;
		};
		091B0B4C1A3BA2ED00BAB774 /* Release */ = {
			isa = XCBuildConfiguration;
			buildSettings = {
				ASSETCATALOG_COMPILER_APPICON_NAME = AppIcon;
				CLANG_ENABLE_MODULES = YES;
				INFOPLIST_FILE = Trends/Info.plist;
				LD_RUNPATH_SEARCH_PATHS = "$(inherited) @executable_path/Frameworks";
				PRODUCT_NAME = "$(TARGET_NAME)";
				SWIFT_OBJC_BRIDGING_HEADER = "Trends/Trends-Bridging-Header.h";
			};
			name = Release;
		};
		091B0B4E1A3BA2ED00BAB774 /* Debug */ = {
			isa = XCBuildConfiguration;
			buildSettings = {
				BUNDLE_LOADER = "$(TEST_HOST)";
				FRAMEWORK_SEARCH_PATHS = (
					"$(SDKROOT)/Developer/Library/Frameworks",
					"$(inherited)",
				);
				GCC_PREPROCESSOR_DEFINITIONS = (
					"DEBUG=1",
					"$(inherited)",
				);
				INFOPLIST_FILE = TrendsTests/Info.plist;
				LD_RUNPATH_SEARCH_PATHS = "$(inherited) @executable_path/Frameworks @loader_path/Frameworks";
				PRODUCT_NAME = "$(TARGET_NAME)";
				TEST_HOST = "$(BUILT_PRODUCTS_DIR)/Trends.app/Trends";
			};
			name = Debug;
		};
		091B0B4F1A3BA2ED00BAB774 /* Release */ = {
			isa = XCBuildConfiguration;
			buildSettings = {
				BUNDLE_LOADER = "$(TEST_HOST)";
				FRAMEWORK_SEARCH_PATHS = (
					"$(SDKROOT)/Developer/Library/Frameworks",
					"$(inherited)",
				);
				INFOPLIST_FILE = TrendsTests/Info.plist;
				LD_RUNPATH_SEARCH_PATHS = "$(inherited) @executable_path/Frameworks @loader_path/Frameworks";
				PRODUCT_NAME = "$(TARGET_NAME)";
				TEST_HOST = "$(BUILT_PRODUCTS_DIR)/Trends.app/Trends";
			};
			name = Release;
		};
/* End XCBuildConfiguration section */

/* Begin XCConfigurationList section */
		091B0B261A3BA2ED00BAB774 /* Build configuration list for PBXProject "Trends" */ = {
			isa = XCConfigurationList;
			buildConfigurations = (
				091B0B481A3BA2ED00BAB774 /* Debug */,
				091B0B491A3BA2ED00BAB774 /* Release */,
			);
			defaultConfigurationIsVisible = 0;
			defaultConfigurationName = Release;
		};
		091B0B4A1A3BA2ED00BAB774 /* Build configuration list for PBXNativeTarget "Trends" */ = {
			isa = XCConfigurationList;
			buildConfigurations = (
				091B0B4B1A3BA2ED00BAB774 /* Debug */,
				091B0B4C1A3BA2ED00BAB774 /* Release */,
			);
			defaultConfigurationIsVisible = 0;
			defaultConfigurationName = Release;
		};
		091B0B4D1A3BA2ED00BAB774 /* Build configuration list for PBXNativeTarget "TrendsTests" */ = {
			isa = XCConfigurationList;
			buildConfigurations = (
				091B0B4E1A3BA2ED00BAB774 /* Debug */,
				091B0B4F1A3BA2ED00BAB774 /* Release */,
			);
			defaultConfigurationIsVisible = 0;
			defaultConfigurationName = Release;
		};
/* End XCConfigurationList section */

/* Begin XCVersionGroup section */
		09868DFF1A3E4A9600B02F0C /* TrendsDataModel.xcdatamodeld */ = {
			isa = XCVersionGroup;
			children = (
				09868E001A3E4A9600B02F0C /* TrendsDataModel.xcdatamodel */,
			);
			currentVersion = 09868E001A3E4A9600B02F0C /* TrendsDataModel.xcdatamodel */;
			name = TrendsDataModel.xcdatamodeld;
			path = Source/Persistence/TrendsDataModel.xcdatamodeld;
			sourceTree = "<group>";
			versionGroupType = wrapper.xcdatamodel;
		};
/* End XCVersionGroup section */
	};
	rootObject = 091B0B231A3BA2ED00BAB774 /* Project object */;
}
