// !$*UTF8*$!
{
	archiveVersion = 1;
	classes = {
	};
	objectVersion = 46;
	objects = {

/* Begin PBXBuildFile section */
		091B0B311A3BA2ED00BAB774 /* AppDelegate.swift in Sources */ = {isa = PBXBuildFile; fileRef = 091B0B301A3BA2ED00BAB774 /* AppDelegate.swift */; };
		091B0B331A3BA2ED00BAB774 /* ViewController.swift in Sources */ = {isa = PBXBuildFile; fileRef = 091B0B321A3BA2ED00BAB774 /* ViewController.swift */; };
		091B0B361A3BA2ED00BAB774 /* Main.storyboard in Resources */ = {isa = PBXBuildFile; fileRef = 091B0B341A3BA2ED00BAB774 /* Main.storyboard */; };
		091B0B381A3BA2ED00BAB774 /* Images.xcassets in Resources */ = {isa = PBXBuildFile; fileRef = 091B0B371A3BA2ED00BAB774 /* Images.xcassets */; };
		091B0B3B1A3BA2ED00BAB774 /* LaunchScreen.xib in Resources */ = {isa = PBXBuildFile; fileRef = 091B0B391A3BA2ED00BAB774 /* LaunchScreen.xib */; };
		091B0B471A3BA2ED00BAB774 /* TrendsTests.swift in Sources */ = {isa = PBXBuildFile; fileRef = 091B0B461A3BA2ED00BAB774 /* TrendsTests.swift */; };
/* End PBXBuildFile section */

/* Begin PBXContainerItemProxy section */
		091B0B411A3BA2ED00BAB774 /* PBXContainerItemProxy */ = {
			isa = PBXContainerItemProxy;
			containerPortal = 091B0B231A3BA2ED00BAB774 /* Project object */;
			proxyType = 1;
			remoteGlobalIDString = 091B0B2A1A3BA2ED00BAB774;
			remoteInfo = Trends;
		};
/* End PBXContainerItemProxy section */

/* Begin PBXFileReference section */
		091B0B2B1A3BA2ED00BAB774 /* Trends.app */ = {isa = PBXFileReference; explicitFileType = wrapper.application; includeInIndex = 0; path = Trends.app; sourceTree = BUILT_PRODUCTS_DIR; };
		091B0B2F1A3BA2ED00BAB774 /* Info.plist */ = {isa = PBXFileReference; lastKnownFileType = text.plist.xml; path = Info.plist; sourceTree = "<group>"; };
		091B0B301A3BA2ED00BAB774 /* AppDelegate.swift */ = {isa = PBXFileReference; lastKnownFileType = sourcecode.swift; path = AppDelegate.swift; sourceTree = "<group>"; };
		091B0B321A3BA2ED00BAB774 /* ViewController.swift */ = {isa = PBXFileReference; lastKnownFileType = sourcecode.swift; path = ViewController.swift; sourceTree = "<group>"; };
		091B0B351A3BA2ED00BAB774 /* Base */ = {isa = PBXFileReference; lastKnownFileType = file.storyboard; name = Base; path = Base.lproj/Main.storyboard; sourceTree = "<group>"; };
		091B0B371A3BA2ED00BAB774 /* Images.xcassets */ = {isa = PBXFileReference; lastKnownFileType = folder.assetcatalog; path = Images.xcassets; sourceTree = "<group>"; };
		091B0B3A1A3BA2ED00BAB774 /* Base */ = {isa = PBXFileReference; lastKnownFileType = file.xib; name = Base; path = Base.lproj/LaunchScreen.xib; sourceTree = "<group>"; };
		091B0B401A3BA2ED00BAB774 /* TrendsTests.xctest */ = {isa = PBXFileReference; explicitFileType = wrapper.cfbundle; includeInIndex = 0; path = TrendsTests.xctest; sourceTree = BUILT_PRODUCTS_DIR; };
		091B0B451A3BA2ED00BAB774 /* Info.plist */ = {isa = PBXFileReference; lastKnownFileType = text.plist.xml; path = Info.plist; sourceTree = "<group>"; };
		091B0B461A3BA2ED00BAB774 /* TrendsTests.swift */ = {isa = PBXFileReference; lastKnownFileType = sourcecode.swift; path = TrendsTests.swift; sourceTree = "<group>"; };
/* End PBXFileReference section */

/* Begin PBXFrameworksBuildPhase section */
		091B0B281A3BA2ED00BAB774 /* Frameworks */ = {
			isa = PBXFrameworksBuildPhase;
			buildActionMask = 2147483647;
			files = (
			);
			runOnlyForDeploymentPostprocessing = 0;
		};
		091B0B3D1A3BA2ED00BAB774 /* Frameworks */ = {
			isa = PBXFrameworksBuildPhase;
			buildActionMask = 2147483647;
			files = (
			);
			runOnlyForDeploymentPostprocessing = 0;
		};
/* End PBXFrameworksBuildPhase section */

/* Begin PBXGroup section */
		091B0B221A3BA2ED00BAB774 = {
			isa = PBXGroup;
			children = (
				091B0B2D1A3BA2ED00BAB774 /* Trends */,
				091B0B431A3BA2ED00BAB774 /* TrendsTests */,
				091B0B2C1A3BA2ED00BAB774 /* Products */,
			);
			sourceTree = "<group>";
		};
		091B0B2C1A3BA2ED00BAB774 /* Products */ = {
			isa = PBXGroup;
			children = (
				091B0B2B1A3BA2ED00BAB774 /* Trends.app */,
				091B0B401A3BA2ED00BAB774 /* TrendsTests.xctest */,
			);
			name = Products;
			sourceTree = "<group>";
		};
		091B0B2D1A3BA2ED00BAB774 /* Trends */ = {
			isa = PBXGroup;
			children = (
				091B0B301A3BA2ED00BAB774 /* AppDelegate.swift */,
				091B0B321A3BA2ED00BAB774 /* ViewController.swift */,
				091B0B341A3BA2ED00BAB774 /* Main.storyboard */,
				091B0B371A3BA2ED00BAB774 /* Images.xcassets */,
				091B0B391A3BA2ED00BAB774 /* LaunchScreen.xib */,
				091B0B2E1A3BA2ED00BAB774 /* Supporting Files */,
			);
			path = Trends;
			sourceTree = "<group>";
		};
		091B0B2E1A3BA2ED00BAB774 /* Supporting Files */ = {
			isa = PBXGroup;
			children = (
				091B0B2F1A3BA2ED00BAB774 /* Info.plist */,
			);
			name = "Supporting Files";
			sourceTree = "<group>";
		};
		091B0B431A3BA2ED00BAB774 /* TrendsTests */ = {
			isa = PBXGroup;
			children = (
				091B0B461A3BA2ED00BAB774 /* TrendsTests.swift */,
				091B0B441A3BA2ED00BAB774 /* Supporting Files */,
			);
			path = TrendsTests;
			sourceTree = "<group>";
		};
		091B0B441A3BA2ED00BAB774 /* Supporting Files */ = {
			isa = PBXGroup;
			children = (
				091B0B451A3BA2ED00BAB774 /* Info.plist */,
			);
			name = "Supporting Files";
			sourceTree = "<group>";
		};
/* End PBXGroup section */

/* Begin PBXNativeTarget section */
		091B0B2A1A3BA2ED00BAB774 /* Trends */ = {
			isa = PBXNativeTarget;
			buildConfigurationList = 091B0B4A1A3BA2ED00BAB774 /* Build configuration list for PBXNativeTarget "Trends" */;
			buildPhases = (
				091B0B271A3BA2ED00BAB774 /* Sources */,
				091B0B281A3BA2ED00BAB774 /* Frameworks */,
				091B0B291A3BA2ED00BAB774 /* Resources */,
			);
			buildRules = (
			);
			dependencies = (
			);
			name = Trends;
			productName = Trends;
			productReference = 091B0B2B1A3BA2ED00BAB774 /* Trends.app */;
			productType = "com.apple.product-type.application";
		};
		091B0B3F1A3BA2ED00BAB774 /* TrendsTests */ = {
			isa = PBXNativeTarget;
			buildConfigurationList = 091B0B4D1A3BA2ED00BAB774 /* Build configuration list for PBXNativeTarget "TrendsTests" */;
			buildPhases = (
				091B0B3C1A3BA2ED00BAB774 /* Sources */,
				091B0B3D1A3BA2ED00BAB774 /* Frameworks */,
				091B0B3E1A3BA2ED00BAB774 /* Resources */,
			);
			buildRules = (
			);
			dependencies = (
				091B0B421A3BA2ED00BAB774 /* PBXTargetDependency */,
			);
			name = TrendsTests;
			productName = TrendsTests;
			productReference = 091B0B401A3BA2ED00BAB774 /* TrendsTests.xctest */;
			productType = "com.apple.product-type.bundle.unit-test";
		};
/* End PBXNativeTarget section */

/* Begin PBXProject section */
		091B0B231A3BA2ED00BAB774 /* Project object */ = {
			isa = PBXProject;
			attributes = {
				LastUpgradeCheck = 0610;
				ORGANIZATIONNAME = "Marcin Kuptel";
				TargetAttributes = {
					091B0B2A1A3BA2ED00BAB774 = {
						CreatedOnToolsVersion = 6.1.1;
					};
					091B0B3F1A3BA2ED00BAB774 = {
						CreatedOnToolsVersion = 6.1.1;
						TestTargetID = 091B0B2A1A3BA2ED00BAB774;
					};
				};
			};
			buildConfigurationList = 091B0B261A3BA2ED00BAB774 /* Build configuration list for PBXProject "Trends" */;
			compatibilityVersion = "Xcode 3.2";
			developmentRegion = English;
			hasScannedForEncodings = 0;
			knownRegions = (
				en,
				Base,
			);
			mainGroup = 091B0B221A3BA2ED00BAB774;
			productRefGroup = 091B0B2C1A3BA2ED00BAB774 /* Products */;
			projectDirPath = "";
			projectRoot = "";
			targets = (
				091B0B2A1A3BA2ED00BAB774 /* Trends */,
				091B0B3F1A3BA2ED00BAB774 /* TrendsTests */,
			);
		};
/* End PBXProject section */

/* Begin PBXResourcesBuildPhase section */
		091B0B291A3BA2ED00BAB774 /* Resources */ = {
			isa = PBXResourcesBuildPhase;
			buildActionMask = 2147483647;
			files = (
				091B0B361A3BA2ED00BAB774 /* Main.storyboard in Resources */,
				091B0B3B1A3BA2ED00BAB774 /* LaunchScreen.xib in Resources */,
				091B0B381A3BA2ED00BAB774 /* Images.xcassets in Resources */,
			);
			runOnlyForDeploymentPostprocessing = 0;
		};
		091B0B3E1A3BA2ED00BAB774 /* Resources */ = {
			isa = PBXResourcesBuildPhase;
			buildActionMask = 2147483647;
			files = (
			);
			runOnlyForDeploymentPostprocessing = 0;
		};
/* End PBXResourcesBuildPhase section */

/* Begin PBXSourcesBuildPhase section */
		091B0B271A3BA2ED00BAB774 /* Sources */ = {
			isa = PBXSourcesBuildPhase;
			buildActionMask = 2147483647;
			files = (
				091B0B331A3BA2ED00BAB774 /* ViewController.swift in Sources */,
				091B0B311A3BA2ED00BAB774 /* AppDelegate.swift in Sources */,
			);
			runOnlyForDeploymentPostprocessing = 0;
		};
		091B0B3C1A3BA2ED00BAB774 /* Sources */ = {
			isa = PBXSourcesBuildPhase;
			buildActionMask = 2147483647;
			files = (
				091B0B471A3BA2ED00BAB774 /* TrendsTests.swift in Sources */,
			);
			runOnlyForDeploymentPostprocessing = 0;
		};
/* End PBXSourcesBuildPhase section */

/* Begin PBXTargetDependency section */
		091B0B421A3BA2ED00BAB774 /* PBXTargetDependency */ = {
			isa = PBXTargetDependency;
			target = 091B0B2A1A3BA2ED00BAB774 /* Trends */;
			targetProxy = 091B0B411A3BA2ED00BAB774 /* PBXContainerItemProxy */;
		};
/* End PBXTargetDependency section */

/* Begin PBXVariantGroup section */
		091B0B341A3BA2ED00BAB774 /* Main.storyboard */ = {
			isa = PBXVariantGroup;
			children = (
				091B0B351A3BA2ED00BAB774 /* Base */,
			);
			name = Main.storyboard;
			sourceTree = "<group>";
		};
		091B0B391A3BA2ED00BAB774 /* LaunchScreen.xib */ = {
			isa = PBXVariantGroup;
			children = (
				091B0B3A1A3BA2ED00BAB774 /* Base */,
			);
			name = LaunchScreen.xib;
			sourceTree = "<group>";
		};
/* End PBXVariantGroup section */

/* Begin XCBuildConfiguration section */
		091B0B481A3BA2ED00BAB774 /* Debug */ = {
			isa = XCBuildConfiguration;
			buildSettings = {
				ALWAYS_SEARCH_USER_PATHS = NO;
				CLANG_CXX_LANGUAGE_STANDARD = "gnu++0x";
				CLANG_CXX_LIBRARY = "libc++";
				CLANG_ENABLE_MODULES = YES;
				CLANG_ENABLE_OBJC_ARC = YES;
				CLANG_WARN_BOOL_CONVERSION = YES;
				CLANG_WARN_CONSTANT_CONVERSION = YES;
				CLANG_WARN_DIRECT_OBJC_ISA_USAGE = YES_ERROR;
				CLANG_WARN_EMPTY_BODY = YES;
				CLANG_WARN_ENUM_CONVERSION = YES;
				CLANG_WARN_INT_CONVERSION = YES;
				CLANG_WARN_OBJC_ROOT_CLASS = YES_ERROR;
				CLANG_WARN_UNREACHABLE_CODE = YES;
				CLANG_WARN__DUPLICATE_METHOD_MATCH = YES;
				"CODE_SIGN_IDENTITY[sdk=iphoneos*]" = "iPhone Developer";
				COPY_PHASE_STRIP = NO;
				ENABLE_STRICT_OBJC_MSGSEND = YES;
				GCC_C_LANGUAGE_STANDARD = gnu99;
				GCC_DYNAMIC_NO_PIC = NO;
				GCC_OPTIMIZATION_LEVEL = 0;
				GCC_PREPROCESSOR_DEFINITIONS = (
					"DEBUG=1",
					"$(inherited)",
				);
				GCC_SYMBOLS_PRIVATE_EXTERN = NO;
				GCC_WARN_64_TO_32_BIT_CONVERSION = YES;
				GCC_WARN_ABOUT_RETURN_TYPE = YES_ERROR;
				GCC_WARN_UNDECLARED_SELECTOR = YES;
				GCC_WARN_UNINITIALIZED_AUTOS = YES_AGGRESSIVE;
				GCC_WARN_UNUSED_FUNCTION = YES;
				GCC_WARN_UNUSED_VARIABLE = YES;
				IPHONEOS_DEPLOYMENT_TARGET = 8.1;
				MTL_ENABLE_DEBUG_INFO = YES;
				ONLY_ACTIVE_ARCH = YES;
				SDKROOT = iphoneos;
				SWIFT_OPTIMIZATION_LEVEL = "-Onone";
			};
			name = Debug;
		};
		091B0B491A3BA2ED00BAB774 /* Release */ = {
			isa = XCBuildConfiguration;
			buildSettings = {
				ALWAYS_SEARCH_USER_PATHS = NO;
				CLANG_CXX_LANGUAGE_STANDARD = "gnu++0x";
				CLANG_CXX_LIBRARY = "libc++";
				CLANG_ENABLE_MODULES = YES;
				CLANG_ENABLE_OBJC_ARC = YES;
				CLANG_WARN_BOOL_CONVERSION = YES;
				CLANG_WARN_CONSTANT_CONVERSION = YES;
				CLANG_WARN_DIRECT_OBJC_ISA_USAGE = YES_ERROR;
				CLANG_WARN_EMPTY_BODY = YES;
				CLANG_WARN_ENUM_CONVERSION = YES;
				CLANG_WARN_INT_CONVERSION = YES;
				CLANG_WARN_OBJC_ROOT_CLASS = YES_ERROR;
				CLANG_WARN_UNREACHABLE_CODE = YES;
				CLANG_WARN__DUPLICATE_METHOD_MATCH = YES;
				"CODE_SIGN_IDENTITY[sdk=iphoneos*]" = "iPhone Developer";
				COPY_PHASE_STRIP = YES;
				ENABLE_NS_ASSERTIONS = NO;
				ENABLE_STRICT_OBJC_MSGSEND = YES;
				GCC_C_LANGUAGE_STANDARD = gnu99;
				GCC_WARN_64_TO_32_BIT_CONVERSION = YES;
				GCC_WARN_ABOUT_RETURN_TYPE = YES_ERROR;
				GCC_WARN_UNDECLARED_SELECTOR = YES;
				GCC_WARN_UNINITIALIZED_AUTOS = YES_AGGRESSIVE;
				GCC_WARN_UNUSED_FUNCTION = YES;
				GCC_WARN_UNUSED_VARIABLE = YES;
				IPHONEOS_DEPLOYMENT_TARGET = 8.1;
				MTL_ENABLE_DEBUG_INFO = NO;
				SDKROOT = iphoneos;
				VALIDATE_PRODUCT = YES;
			};
			name = Release;
		};
		091B0B4B1A3BA2ED00BAB774 /* Debug */ = {
			isa = XCBuildConfiguration;
			buildSettings = {
				ASSETCATALOG_COMPILER_APPICON_NAME = AppIcon;
				INFOPLIST_FILE = Trends/Info.plist;
				LD_RUNPATH_SEARCH_PATHS = "$(inherited) @executable_path/Frameworks";
				PRODUCT_NAME = "$(TARGET_NAME)";
			};
			name = Debug;
		};
		091B0B4C1A3BA2ED00BAB774 /* Release */ = {
			isa = XCBuildConfiguration;
			buildSettings = {
				ASSETCATALOG_COMPILER_APPICON_NAME = AppIcon;
				INFOPLIST_FILE = Trends/Info.plist;
				LD_RUNPATH_SEARCH_PATHS = "$(inherited) @executable_path/Frameworks";
				PRODUCT_NAME = "$(TARGET_NAME)";
			};
			name = Release;
		};
		091B0B4E1A3BA2ED00BAB774 /* Debug */ = {
			isa = XCBuildConfiguration;
			buildSettings = {
				BUNDLE_LOADER = "$(TEST_HOST)";
				FRAMEWORK_SEARCH_PATHS = (
					"$(SDKROOT)/Developer/Library/Frameworks",
					"$(inherited)",
				);
				GCC_PREPROCESSOR_DEFINITIONS = (
					"DEBUG=1",
					"$(inherited)",
				);
				INFOPLIST_FILE = TrendsTests/Info.plist;
				LD_RUNPATH_SEARCH_PATHS = "$(inherited) @executable_path/Frameworks @loader_path/Frameworks";
				PRODUCT_NAME = "$(TARGET_NAME)";
				TEST_HOST = "$(BUILT_PRODUCTS_DIR)/Trends.app/Trends";
			};
			name = Debug;
		};
		091B0B4F1A3BA2ED00BAB774 /* Release */ = {
			isa = XCBuildConfiguration;
			buildSettings = {
				BUNDLE_LOADER = "$(TEST_HOST)";
				FRAMEWORK_SEARCH_PATHS = (
					"$(SDKROOT)/Developer/Library/Frameworks",
					"$(inherited)",
				);
				INFOPLIST_FILE = TrendsTests/Info.plist;
				LD_RUNPATH_SEARCH_PATHS = "$(inherited) @executable_path/Frameworks @loader_path/Frameworks";
				PRODUCT_NAME = "$(TARGET_NAME)";
				TEST_HOST = "$(BUILT_PRODUCTS_DIR)/Trends.app/Trends";
			};
			name = Release;
		};
/* End XCBuildConfiguration section */

/* Begin XCConfigurationList section */
		091B0B261A3BA2ED00BAB774 /* Build configuration list for PBXProject "Trends" */ = {
			isa = XCConfigurationList;
			buildConfigurations = (
				091B0B481A3BA2ED00BAB774 /* Debug */,
				091B0B491A3BA2ED00BAB774 /* Release */,
			);
			defaultConfigurationIsVisible = 0;
			defaultConfigurationName = Release;
		};
		091B0B4A1A3BA2ED00BAB774 /* Build configuration list for PBXNativeTarget "Trends" */ = {
			isa = XCConfigurationList;
			buildConfigurations = (
				091B0B4B1A3BA2ED00BAB774 /* Debug */,
				091B0B4C1A3BA2ED00BAB774 /* Release */,
			);
			defaultConfigurationIsVisible = 0;
		};
		091B0B4D1A3BA2ED00BAB774 /* Build configuration list for PBXNativeTarget "TrendsTests" */ = {
			isa = XCConfigurationList;
			buildConfigurations = (
				091B0B4E1A3BA2ED00BAB774 /* Debug */,
				091B0B4F1A3BA2ED00BAB774 /* Release */,
			);
			defaultConfigurationIsVisible = 0;
		};
/* End XCConfigurationList section */
	};
	rootObject = 091B0B231A3BA2ED00BAB774 /* Project object */;
}
